PODS:
  - AppHub (0.5.1):
    - React
  - ARGenericTableViewController (1.0.2)
  - Artsy+Authentication/email (1.5.0):
    - ISO8601DateFormatter
    - NSURL+QueryDictionary
  - Artsy+UIColors (3.1.0)
  - Artsy+UIFonts (1.1.0)
  - Artsy-UIButtons (2.0.3):
    - Artsy+UIColors (~> 3.0)
    - Artsy+UIFonts (>= 1.1.0)
    - UIView+BooleanAnimations
  - Emission (1.1.4):
    - Artsy+UIFonts (>= 1.1.0)
    - Extraction (>= 1.2.1)
    - React/Core (= 0.34.1)
    - React/RCTImage (= 0.34.1)
    - React/RCTNetwork (= 0.34.1)
    - React/RCTText (= 0.34.1)
    - SDWebImage (>= 3.7.2)
  - Extraction (1.2.1):
    - Extraction/ARAnimationContinuation (= 1.2.1)
    - Extraction/ARLoadFailureView (= 1.2.1)
    - Extraction/ARSpinner (= 1.2.1)
    - Extraction/ARSwitchView (= 1.2.1)
    - Extraction/UILabel+Typography (= 1.2.1)
    - Extraction/UIView+ARSpinner (= 1.2.1)
  - Extraction/ARAnimationContinuation (1.2.1)
  - Extraction/ARLoadFailureView (1.2.1):
    - Artsy-UIButtons
    - Extraction/UILabel+Typography
    - ORStackView (< 3)
  - Extraction/ARSpinner (1.2.1):
    - Extraction/UIView+ARSpinner
    - UIView+BooleanAnimations
  - Extraction/ARSwitchView (1.2.1):
    - Artsy+UIColors
    - Artsy+UIFonts (>= 1.1.0)
    - FLKAutoLayout
    - UIView+BooleanAnimations
  - Extraction/UILabel+Typography (1.2.1)
  - Extraction/UIView+ARSpinner (1.2.1):
    - Extraction/ARAnimationContinuation
  - FLKAutoLayout (1.0.0)
  - ISO8601DateFormatter (0.8)
  - NSURL+QueryDictionary (1.2.0)
  - ORStackView (2.0.3):
    - FLKAutoLayout
  - React (0.34.1):
    - React/Core (= 0.34.1)
  - React/Core (0.34.1)
  - React/RCTImage (0.34.1):
    - React/Core
    - React/RCTNetwork
  - React/RCTNetwork (0.34.1):
    - React/Core
  - React/RCTTest (0.34.1):
    - React/Core
  - React/RCTText (0.34.1):
    - React/Core
  - React/RCTWebSocket (0.34.1):
    - React/Core
  - SAMKeychain (1.5.2)
  - SDWebImage (3.8.2):
    - SDWebImage/Core (= 3.8.2)
  - SDWebImage/Core (3.8.2)
  - Specta (1.0.5)
  - UIView+BooleanAnimations (1.0.2)

DEPENDENCIES:
  - AppHub
  - ARGenericTableViewController
  - Artsy+Authentication/email (from `https://github.com/artsy/Artsy-Authentication.git`)
  - Artsy+UIFonts (>= 1.1.0)
  - Emission (from `../`)
  - FLKAutoLayout
  - React/RCTTest (from `../node_modules/react-native`)
  - React/RCTWebSocket (from `../node_modules/react-native`)
  - SAMKeychain
  - Specta

EXTERNAL SOURCES:
  Artsy+Authentication:
    :git: https://github.com/artsy/Artsy-Authentication.git
  Emission:
    :path: "../"
  React:
    :path: "../node_modules/react-native"

CHECKOUT OPTIONS:
  Artsy+Authentication:
    :commit: 0974ff5ceeb7bf899ca6bdf6168c466aa9f67500
    :git: https://github.com/artsy/Artsy-Authentication.git

SPEC CHECKSUMS:
  AppHub: f073cd229f87afe1a27200670e1adab24ebda2b8
  ARGenericTableViewController: 61a0897ba66c35111b5d1cc3b44884282bd3c1a5
  Artsy+Authentication: 3bf11ceca61c52e9e31490535bf5798f625406fa
  Artsy+UIColors: 31c03c4146f5e6618a9b950f37dfe02dd9ac09a6
  Artsy+UIFonts: ffbad72fbca00ebe9c0e4d6986d1927e1e29a3c6
  Artsy-UIButtons: 262d9e1d4415097b6cbd2b6a6179eb6f87573dfa
  Emission: 431e878a0daf1f7dbf2ab9685268c934cd95bea5
  Extraction: e1b194982c2cdea996512a9c03a72a5410991282
  FLKAutoLayout: 106b14dbae09d32c6730190f4e78a959759ba4a4
  ISO8601DateFormatter: 4551b6ce4f83185425f583b0b3feb3c7b59b942c
  NSURL+QueryDictionary: bae616404e2adf6409d3d5c02a093cbf44c8a236
  ORStackView: b9507271cb41fb9e0b3eecc6414d831201e7cf7c
  React: fc15d22bec0ec10fe15c12749fbefdac37ddc541
  SAMKeychain: 1865333198217411f35327e8da61b43de79b635b
  SDWebImage: 098e97e6176540799c27e804c96653ee0833d13c
  Specta: ac94d110b865115fe60ff2c6d7281053c6f8e8a2
  UIView+BooleanAnimations: a760be9a066036e55f298b7b7350a6cb14cfcd97

PODFILE CHECKSUM: c630246b9ccbdda3b23dc94e80ebb4424ec48c30

COCOAPODS: 1.1.1
